
Microsoft Visual Studio Solution File, Format Version 12.00
# Visual Studio Version 17
VisualStudioVersion = 17.1.32328.378
MinimumVisualStudioVersion = 10.0.40219.1
Project("{8BC9CEB8-8B4A-11D0-8D11-00A0C91BC942}") = "sort", "sort\sort.vcxproj", "{AA2D852F-C572-473E-A01E-EE45B9A68A43}"
EndProject
Project("{8BC9CEB8-8B4A-11D0-8D11-00A0C91BC942}") = "SortStruct", "Project1\Project1.vcxproj", "{8D1C7051-9018-4587-B040-746DAB9B0364}"
EndProject
Global
	GlobalSection(SolutionConfigurationPlatforms) = preSolution
		Debug|x64 = Debug|x64
		Debug|x86 = Debug|x86
		Release|x64 = Release|x64
		Release|x86 = Release|x86
	EndGlobalSection
	GlobalSection(ProjectConfigurationPlatforms) = postSolution
		{AA2D852F-C572-473E-A01E-EE45B9A68A43}.Debug|x64.ActiveCfg = Debug|x64
		{AA2D852F-C572-473E-A01E-EE45B9A68A43}.Debug|x64.Build.0 = Debug|x64
		{AA2D852F-C572-473E-A01E-EE45B9A68A43}.Debug|x86.ActiveCfg = Debug|Win32
		{AA2D852F-C572-473E-A01E-EE45B9A68A43}.Debug|x86.Build.0 = Debug|Win32
		{AA2D852F-C572-473E-A01E-EE45B9A68A43}.Release|x64.ActiveCfg = Release|x64
		{AA2D852F-C572-473E-A01E-EE45B9A68A43}.Release|x64.Build.0 = Release|x64
		{AA2D852F-C572-473E-A01E-EE45B9A68A43}.Release|x86.ActiveCfg = Release|Win32
		{AA2D852F-C572-473E-A01E-EE45B9A68A43}.Release|x86.Build.0 = Release|Win32
		{8D1C7051-9018-4587-B040-746DAB9B0364}.Debug|x64.ActiveCfg = Debug|x64
		{8D1C7051-9018-4587-B040-746DAB9B0364}.Debug|x64.Build.0 = Debug|x64
		{8D1C7051-9018-4587-B040-746DAB9B0364}.Debug|x86.ActiveCfg = Debug|Win32
		{8D1C7051-9018-4587-B040-746DAB9B0364}.Debug|x86.Build.0 = Debug|Win32
		{8D1C7051-9018-4587-B040-746DAB9B0364}.Release|x64.ActiveCfg = Release|x64
		{8D1C7051-9018-4587-B040-746DAB9B0364}.Release|x64.Build.0 = Release|x64
		{8D1C7051-9018-4587-B040-746DAB9B0364}.Release|x86.ActiveCfg = Release|Win32
		{8D1C7051-9018-4587-B040-746DAB9B0364}.Release|x86.Build.0 = Release|Win32
	EndGlobalSection
	GlobalSection(SolutionProperties) = preSolution
		HideSolutionNode = FALSE
	EndGlobalSection
	GlobalSection(ExtensibilityGlobals) = postSolution
		SolutionGuid = {8F68CC1A-04F2-4203-B2F2-D0104DB449A1}
	EndGlobalSection
EndGlobal
